
Microsoft Visual Studio Solution File, Format Version 12.00
# Visual Studio Version 16
VisualStudioVersion = 16.0.30320.27
MinimumVisualStudioVersion = 10.0.40219.1
Project("{FAE04EC0-301F-11D3-BF4B-00C04F79EFBC}") = "IllusionCard", "IllusionCard\IllusionCard.csproj", "{B348DEC6-D37A-48E8-9078-68FAB4E73DC3}"
EndProject
Project("{FAE04EC0-301F-11D3-BF4B-00C04F79EFBC}") = "CardInfo", "CardInfo\CardInfo.csproj", "{2C658291-E26C-49ED-B29C-D09ACDB3E9BA}"
EndProject
Global
	GlobalSection(SolutionConfigurationPlatforms) = preSolution
		Debug|Any CPU = Debug|Any CPU
		Release|Any CPU = Release|Any CPU
	EndGlobalSection
	GlobalSection(ProjectConfigurationPlatforms) = postSolution
		{B348DEC6-D37A-48E8-9078-68FAB4E73DC3}.Debug|Any CPU.ActiveCfg = Debug|Any CPU
		{B348DEC6-D37A-48E8-9078-68FAB4E73DC3}.Debug|Any CPU.Build.0 = Debug|Any CPU
		{B348DEC6-D37A-48E8-9078-68FAB4E73DC3}.Release|Any CPU.ActiveCfg = Release|Any CPU
		{B348DEC6-D37A-48E8-9078-68FAB4E73DC3}.Release|Any CPU.Build.0 = Release|Any CPU
		{2C658291-E26C-49ED-B29C-D09ACDB3E9BA}.Debug|Any CPU.ActiveCfg = Debug|Any CPU
		{2C658291-E26C-49ED-B29C-D09ACDB3E9BA}.Debug|Any CPU.Build.0 = Debug|Any CPU
		{2C658291-E26C-49ED-B29C-D09ACDB3E9BA}.Release|Any CPU.ActiveCfg = Release|Any CPU
		{2C658291-E26C-49ED-B29C-D09ACDB3E9BA}.Release|Any CPU.Build.0 = Release|Any CPU
	EndGlobalSection
	GlobalSection(SolutionProperties) = preSolution
		HideSolutionNode = FALSE
	EndGlobalSection
	GlobalSection(ExtensibilityGlobals) = postSolution
		SolutionGuid = {F948BAC3-1608-45F4-86F3-97E06DB89679}
	EndGlobalSection
EndGlobal
